
Microsoft Visual Studio Solution File, Format Version 12.00
# Visual Studio 2012
Project("{F2A71F9B-5D33-465A-A702-920D77279786}") = "todictionary", "todictionary\todictionary.fsproj", "{C18E3803-1C3A-44BD-B87C-5674F9DDD3D6}"
EndProject
Global
	GlobalSection(SolutionConfigurationPlatforms) = preSolution
		Debug|Any CPU = Debug|Any CPU
		Release|Any CPU = Release|Any CPU
	EndGlobalSection
	GlobalSection(ProjectConfigurationPlatforms) = postSolution
		{C18E3803-1C3A-44BD-B87C-5674F9DDD3D6}.Debug|Any CPU.ActiveCfg = Debug|Any CPU
		{C18E3803-1C3A-44BD-B87C-5674F9DDD3D6}.Debug|Any CPU.Build.0 = Debug|Any CPU
		{C18E3803-1C3A-44BD-B87C-5674F9DDD3D6}.Release|Any CPU.ActiveCfg = Release|Any CPU
		{C18E3803-1C3A-44BD-B87C-5674F9DDD3D6}.Release|Any CPU.Build.0 = Release|Any CPU
	EndGlobalSection
	GlobalSection(SolutionProperties) = preSolution
		HideSolutionNode = FALSE
	EndGlobalSection
EndGlobal
