
Microsoft Visual Studio Solution File, Format Version 12.00
# Visual Studio 2012
Project("{F2A71F9B-5D33-465A-A702-920D77279786}") = "tannenbaum", "tannenbaum\tannenbaum.fsproj", "{1BA37DFA-153A-411C-95F8-CF57332AC12D}"
EndProject
Global
	GlobalSection(SolutionConfigurationPlatforms) = preSolution
		Debug|Any CPU = Debug|Any CPU
		Release|Any CPU = Release|Any CPU
	EndGlobalSection
	GlobalSection(ProjectConfigurationPlatforms) = postSolution
		{1BA37DFA-153A-411C-95F8-CF57332AC12D}.Debug|Any CPU.ActiveCfg = Debug|Any CPU
		{1BA37DFA-153A-411C-95F8-CF57332AC12D}.Debug|Any CPU.Build.0 = Debug|Any CPU
		{1BA37DFA-153A-411C-95F8-CF57332AC12D}.Release|Any CPU.ActiveCfg = Release|Any CPU
		{1BA37DFA-153A-411C-95F8-CF57332AC12D}.Release|Any CPU.Build.0 = Release|Any CPU
	EndGlobalSection
	GlobalSection(SolutionProperties) = preSolution
		HideSolutionNode = FALSE
	EndGlobalSection
EndGlobal
